
Microsoft Visual Studio Solution File, Format Version 12.00
# Visual Studio Version 17
VisualStudioVersion = 17.0.32112.339
MinimumVisualStudioVersion = 10.0.40219.1
Project("{FAE04EC0-301F-11D3-BF4B-00C04F79EFBC}") = "DemoWebShopFramework", "DemoWebShopFramework\DemoWebShopFramework.csproj", "{ECF3BB22-5EA0-4BE9-B462-AF516DB030B3}"
EndProject
Project("{FAE04EC0-301F-11D3-BF4B-00C04F79EFBC}") = "DemoWebShopTest", "DemoWebShopTest\DemoWebShopTest.csproj", "{1EA7B512-6BF6-4582-8D56-7366907E5DF1}"
EndProject
Global
	GlobalSection(SolutionConfigurationPlatforms) = preSolution
		Debug|Any CPU = Debug|Any CPU
		Release|Any CPU = Release|Any CPU
	EndGlobalSection
	GlobalSection(ProjectConfigurationPlatforms) = postSolution
		{ECF3BB22-5EA0-4BE9-B462-AF516DB030B3}.Debug|Any CPU.ActiveCfg = Debug|Any CPU
		{ECF3BB22-5EA0-4BE9-B462-AF516DB030B3}.Debug|Any CPU.Build.0 = Debug|Any CPU
		{ECF3BB22-5EA0-4BE9-B462-AF516DB030B3}.Release|Any CPU.ActiveCfg = Release|Any CPU
		{ECF3BB22-5EA0-4BE9-B462-AF516DB030B3}.Release|Any CPU.Build.0 = Release|Any CPU
		{1EA7B512-6BF6-4582-8D56-7366907E5DF1}.Debug|Any CPU.ActiveCfg = Debug|Any CPU
		{1EA7B512-6BF6-4582-8D56-7366907E5DF1}.Debug|Any CPU.Build.0 = Debug|Any CPU
		{1EA7B512-6BF6-4582-8D56-7366907E5DF1}.Release|Any CPU.ActiveCfg = Release|Any CPU
		{1EA7B512-6BF6-4582-8D56-7366907E5DF1}.Release|Any CPU.Build.0 = Release|Any CPU
	EndGlobalSection
	GlobalSection(SolutionProperties) = preSolution
		HideSolutionNode = FALSE
	EndGlobalSection
	GlobalSection(ExtensibilityGlobals) = postSolution
		SolutionGuid = {68F961B1-2AAC-49F2-9A2C-1744B074F1FD}
	EndGlobalSection
EndGlobal
